
Microsoft Visual Studio Solution File, Format Version 12.00
# Visual Studio Version 17
VisualStudioVersion = 17.14.36414.22
MinimumVisualStudioVersion = 10.0.40219.1
Project("{FAE04EC0-301F-11D3-BF4B-00C04F79EFBC}") = "Orbito.Domain", "Orbito.Domain\Orbito.Domain.csproj", "{EC8C056A-1D72-4F38-A60C-4CBAFDB7E047}"
EndProject
Project("{2150E333-8FDC-42A3-9474-1A3956D46DE8}") = "src", "src", "{02EA681E-C7D8-13C7-8484-4AC65E1B71E8}"
EndProject
Project("{FAE04EC0-301F-11D3-BF4B-00C04F79EFBC}") = "Orbito.Application", "Orbito.Application\Orbito.Application.csproj", "{C7FE44BA-A80C-41F0-865E-9096F538D0FC}"
EndProject
Project("{FAE04EC0-301F-11D3-BF4B-00C04F79EFBC}") = "Orbito.Infrastructure", "Orbito.Infrastructure\Orbito.Infrastructure.csproj", "{CF658920-D590-44D3-BAED-78D6976EEDD4}"
EndProject
Project("{FAE04EC0-301F-11D3-BF4B-00C04F79EFBC}") = "Orbito.API", "Orbito.API\Orbito.API.csproj", "{498D5F68-4C1D-4D0E-BAE3-807E11B3E6AD}"
EndProject
Project("{FAE04EC0-301F-11D3-BF4B-00C04F79EFBC}") = "Orbito.Tests", "Orbito.Tests\Orbito.Tests.csproj", "{457A18AA-2DEB-4948-BD93-F9080B7D4E25}"
EndProject
Global
	GlobalSection(SolutionConfigurationPlatforms) = preSolution
		Debug|Any CPU = Debug|Any CPU
		Debug|x64 = Debug|x64
		Debug|x86 = Debug|x86
		Release|Any CPU = Release|Any CPU
		Release|x64 = Release|x64
		Release|x86 = Release|x86
	EndGlobalSection
	GlobalSection(ProjectConfigurationPlatforms) = postSolution
		{EC8C056A-1D72-4F38-A60C-4CBAFDB7E047}.Debug|Any CPU.ActiveCfg = Debug|Any CPU
		{EC8C056A-1D72-4F38-A60C-4CBAFDB7E047}.Debug|Any CPU.Build.0 = Debug|Any CPU
		{EC8C056A-1D72-4F38-A60C-4CBAFDB7E047}.Debug|x64.ActiveCfg = Debug|Any CPU
		{EC8C056A-1D72-4F38-A60C-4CBAFDB7E047}.Debug|x64.Build.0 = Debug|Any CPU
		{EC8C056A-1D72-4F38-A60C-4CBAFDB7E047}.Debug|x86.ActiveCfg = Debug|Any CPU
		{EC8C056A-1D72-4F38-A60C-4CBAFDB7E047}.Debug|x86.Build.0 = Debug|Any CPU
		{EC8C056A-1D72-4F38-A60C-4CBAFDB7E047}.Release|Any CPU.ActiveCfg = Release|Any CPU
		{EC8C056A-1D72-4F38-A60C-4CBAFDB7E047}.Release|Any CPU.Build.0 = Release|Any CPU
		{EC8C056A-1D72-4F38-A60C-4CBAFDB7E047}.Release|x64.ActiveCfg = Release|Any CPU
		{EC8C056A-1D72-4F38-A60C-4CBAFDB7E047}.Release|x64.Build.0 = Release|Any CPU
		{EC8C056A-1D72-4F38-A60C-4CBAFDB7E047}.Release|x86.ActiveCfg = Release|Any CPU
		{EC8C056A-1D72-4F38-A60C-4CBAFDB7E047}.Release|x86.Build.0 = Release|Any CPU
		{C7FE44BA-A80C-41F0-865E-9096F538D0FC}.Debug|Any CPU.ActiveCfg = Debug|Any CPU
		{C7FE44BA-A80C-41F0-865E-9096F538D0FC}.Debug|Any CPU.Build.0 = Debug|Any CPU
		{C7FE44BA-A80C-41F0-865E-9096F538D0FC}.Debug|x64.ActiveCfg = Debug|Any CPU
		{C7FE44BA-A80C-41F0-865E-9096F538D0FC}.Debug|x64.Build.0 = Debug|Any CPU
		{C7FE44BA-A80C-41F0-865E-9096F538D0FC}.Debug|x86.ActiveCfg = Debug|Any CPU
		{C7FE44BA-A80C-41F0-865E-9096F538D0FC}.Debug|x86.Build.0 = Debug|Any CPU
		{C7FE44BA-A80C-41F0-865E-9096F538D0FC}.Release|Any CPU.ActiveCfg = Release|Any CPU
		{C7FE44BA-A80C-41F0-865E-9096F538D0FC}.Release|Any CPU.Build.0 = Release|Any CPU
		{C7FE44BA-A80C-41F0-865E-9096F538D0FC}.Release|x64.ActiveCfg = Release|Any CPU
		{C7FE44BA-A80C-41F0-865E-9096F538D0FC}.Release|x64.Build.0 = Release|Any CPU
		{C7FE44BA-A80C-41F0-865E-9096F538D0FC}.Release|x86.ActiveCfg = Release|Any CPU
		{C7FE44BA-A80C-41F0-865E-9096F538D0FC}.Release|x86.Build.0 = Release|Any CPU
		{CF658920-D590-44D3-BAED-78D6976EEDD4}.Debug|Any CPU.ActiveCfg = Debug|Any CPU
		{CF658920-D590-44D3-BAED-78D6976EEDD4}.Debug|Any CPU.Build.0 = Debug|Any CPU
		{CF658920-D590-44D3-BAED-78D6976EEDD4}.Debug|x64.ActiveCfg = Debug|Any CPU
		{CF658920-D590-44D3-BAED-78D6976EEDD4}.Debug|x64.Build.0 = Debug|Any CPU
		{CF658920-D590-44D3-BAED-78D6976EEDD4}.Debug|x86.ActiveCfg = Debug|Any CPU
		{CF658920-D590-44D3-BAED-78D6976EEDD4}.Debug|x86.Build.0 = Debug|Any CPU
		{CF658920-D590-44D3-BAED-78D6976EEDD4}.Release|Any CPU.ActiveCfg = Release|Any CPU
		{CF658920-D590-44D3-BAED-78D6976EEDD4}.Release|Any CPU.Build.0 = Release|Any CPU
		{CF658920-D590-44D3-BAED-78D6976EEDD4}.Release|x64.ActiveCfg = Release|Any CPU
		{CF658920-D590-44D3-BAED-78D6976EEDD4}.Release|x64.Build.0 = Release|Any CPU
		{CF658920-D590-44D3-BAED-78D6976EEDD4}.Release|x86.ActiveCfg = Release|Any CPU
		{CF658920-D590-44D3-BAED-78D6976EEDD4}.Release|x86.Build.0 = Release|Any CPU
		{498D5F68-4C1D-4D0E-BAE3-807E11B3E6AD}.Debug|Any CPU.ActiveCfg = Debug|Any CPU
		{498D5F68-4C1D-4D0E-BAE3-807E11B3E6AD}.Debug|Any CPU.Build.0 = Debug|Any CPU
		{498D5F68-4C1D-4D0E-BAE3-807E11B3E6AD}.Debug|x64.ActiveCfg = Debug|Any CPU
		{498D5F68-4C1D-4D0E-BAE3-807E11B3E6AD}.Debug|x64.Build.0 = Debug|Any CPU
		{498D5F68-4C1D-4D0E-BAE3-807E11B3E6AD}.Debug|x86.ActiveCfg = Debug|Any CPU
		{498D5F68-4C1D-4D0E-BAE3-807E11B3E6AD}.Debug|x86.Build.0 = Debug|Any CPU
		{498D5F68-4C1D-4D0E-BAE3-807E11B3E6AD}.Release|Any CPU.ActiveCfg = Release|Any CPU
		{498D5F68-4C1D-4D0E-BAE3-807E11B3E6AD}.Release|Any CPU.Build.0 = Release|Any CPU
		{498D5F68-4C1D-4D0E-BAE3-807E11B3E6AD}.Release|x64.ActiveCfg = Release|Any CPU
		{498D5F68-4C1D-4D0E-BAE3-807E11B3E6AD}.Release|x64.Build.0 = Release|Any CPU
		{498D5F68-4C1D-4D0E-BAE3-807E11B3E6AD}.Release|x86.ActiveCfg = Release|Any CPU
		{498D5F68-4C1D-4D0E-BAE3-807E11B3E6AD}.Release|x86.Build.0 = Release|Any CPU
		{457A18AA-2DEB-4948-BD93-F9080B7D4E25}.Debug|Any CPU.ActiveCfg = Debug|Any CPU
		{457A18AA-2DEB-4948-BD93-F9080B7D4E25}.Debug|Any CPU.Build.0 = Debug|Any CPU
		{457A18AA-2DEB-4948-BD93-F9080B7D4E25}.Debug|x64.ActiveCfg = Debug|Any CPU
		{457A18AA-2DEB-4948-BD93-F9080B7D4E25}.Debug|x64.Build.0 = Debug|Any CPU
		{457A18AA-2DEB-4948-BD93-F9080B7D4E25}.Debug|x86.ActiveCfg = Debug|Any CPU
		{457A18AA-2DEB-4948-BD93-F9080B7D4E25}.Debug|x86.Build.0 = Debug|Any CPU
		{457A18AA-2DEB-4948-BD93-F9080B7D4E25}.Release|Any CPU.ActiveCfg = Release|Any CPU
		{457A18AA-2DEB-4948-BD93-F9080B7D4E25}.Release|Any CPU.Build.0 = Release|Any CPU
		{457A18AA-2DEB-4948-BD93-F9080B7D4E25}.Release|x64.ActiveCfg = Release|Any CPU
		{457A18AA-2DEB-4948-BD93-F9080B7D4E25}.Release|x64.Build.0 = Release|Any CPU
		{457A18AA-2DEB-4948-BD93-F9080B7D4E25}.Release|x86.ActiveCfg = Release|Any CPU
		{457A18AA-2DEB-4948-BD93-F9080B7D4E25}.Release|x86.Build.0 = Release|Any CPU
	EndGlobalSection
	GlobalSection(SolutionProperties) = preSolution
		HideSolutionNode = FALSE
	EndGlobalSection
	GlobalSection(NestedProjects) = preSolution
		{EC8C056A-1D72-4F38-A60C-4CBAFDB7E047} = {02EA681E-C7D8-13C7-8484-4AC65E1B71E8}
		{C7FE44BA-A80C-41F0-865E-9096F538D0FC} = {02EA681E-C7D8-13C7-8484-4AC65E1B71E8}
		{CF658920-D590-44D3-BAED-78D6976EEDD4} = {02EA681E-C7D8-13C7-8484-4AC65E1B71E8}
		{498D5F68-4C1D-4D0E-BAE3-807E11B3E6AD} = {02EA681E-C7D8-13C7-8484-4AC65E1B71E8}
	EndGlobalSection
	GlobalSection(ExtensibilityGlobals) = postSolution
		SolutionGuid = {13F428CB-3408-42E7-8F8E-D80FD608B77F}
	EndGlobalSection
EndGlobal
